
Microsoft Visual Studio Solution File, Format Version 11.00
# Visual Studio 2010
Project("{FAE04EC0-301F-11D3-BF4B-00C04F79EFBC}") = "Intervals", "Intervals\Intervals.csproj", "{C5E9D354-A6A3-41F1-940F-427BBEF382DF}"
EndProject
Project("{FAE04EC0-301F-11D3-BF4B-00C04F79EFBC}") = "Intervals.Tests", "Intervals.Tests\Intervals.Tests.csproj", "{4A27F7D1-2735-4761-88AA-42A2EF09C5F8}"
EndProject
Project("{2150E333-8FDC-42A3-9474-1A3956D46DE8}") = "Solution Items", "Solution Items", "{1F8C049F-359B-4FB1-A674-418ABCBFBCF8}"
	ProjectSection(SolutionItems) = preProject
		EXAMPLES.markdown = EXAMPLES.markdown
		Intervals.FxCop = Intervals.FxCop
		LICENSE.markdown = LICENSE.markdown
		README.markdown = README.markdown
		Settings.StyleCop = Settings.StyleCop
		SIGNING.markdown = SIGNING.markdown
	EndProjectSection
EndProject
Global
	GlobalSection(SolutionConfigurationPlatforms) = preSolution
		Debug|Any CPU = Debug|Any CPU
		Release|Any CPU = Release|Any CPU
		ReleaseBinaries|Any CPU = ReleaseBinaries|Any CPU
	EndGlobalSection
	GlobalSection(ProjectConfigurationPlatforms) = postSolution
		{C5E9D354-A6A3-41F1-940F-427BBEF382DF}.Debug|Any CPU.ActiveCfg = Debug|Any CPU
		{C5E9D354-A6A3-41F1-940F-427BBEF382DF}.Debug|Any CPU.Build.0 = Debug|Any CPU
		{C5E9D354-A6A3-41F1-940F-427BBEF382DF}.Release|Any CPU.ActiveCfg = Release|Any CPU
		{C5E9D354-A6A3-41F1-940F-427BBEF382DF}.Release|Any CPU.Build.0 = Release|Any CPU
		{C5E9D354-A6A3-41F1-940F-427BBEF382DF}.ReleaseBinaries|Any CPU.ActiveCfg = ReleaseBinaries|Any CPU
		{C5E9D354-A6A3-41F1-940F-427BBEF382DF}.ReleaseBinaries|Any CPU.Build.0 = ReleaseBinaries|Any CPU
		{4A27F7D1-2735-4761-88AA-42A2EF09C5F8}.Debug|Any CPU.ActiveCfg = Debug|Any CPU
		{4A27F7D1-2735-4761-88AA-42A2EF09C5F8}.Debug|Any CPU.Build.0 = Debug|Any CPU
		{4A27F7D1-2735-4761-88AA-42A2EF09C5F8}.Release|Any CPU.ActiveCfg = Release|Any CPU
		{4A27F7D1-2735-4761-88AA-42A2EF09C5F8}.Release|Any CPU.Build.0 = Release|Any CPU
		{4A27F7D1-2735-4761-88AA-42A2EF09C5F8}.ReleaseBinaries|Any CPU.ActiveCfg = ReleaseBinaries|Any CPU
		{4A27F7D1-2735-4761-88AA-42A2EF09C5F8}.ReleaseBinaries|Any CPU.Build.0 = ReleaseBinaries|Any CPU
	EndGlobalSection
	GlobalSection(SolutionProperties) = preSolution
		HideSolutionNode = FALSE
	EndGlobalSection
EndGlobal
